
Microsoft Visual Studio Solution File, Format Version 12.00
# Visual Studio Version 17
VisualStudioVersion = 17.13.35825.156 d17.13
MinimumVisualStudioVersion = 10.0.40219.1
Project("{8BC9CEB8-8B4A-11D0-8D11-00A0C91BC942}") = "큐시트 제작 프로그램", "큐시트 제작 프로그램.vcxproj", "{79DE93F0-149D-496D-A6F4-CEA06BD8EF67}"
EndProject
Global
	GlobalSection(SolutionConfigurationPlatforms) = preSolution
		Debug|x64 = Debug|x64
		Debug|x86 = Debug|x86
		Release|x64 = Release|x64
		Release|x86 = Release|x86
	EndGlobalSection
	GlobalSection(ProjectConfigurationPlatforms) = postSolution
		{79DE93F0-149D-496D-A6F4-CEA06BD8EF67}.Debug|x64.ActiveCfg = Debug|x64
		{79DE93F0-149D-496D-A6F4-CEA06BD8EF67}.Debug|x64.Build.0 = Debug|x64
		{79DE93F0-149D-496D-A6F4-CEA06BD8EF67}.Debug|x86.ActiveCfg = Debug|Win32
		{79DE93F0-149D-496D-A6F4-CEA06BD8EF67}.Debug|x86.Build.0 = Debug|Win32
		{79DE93F0-149D-496D-A6F4-CEA06BD8EF67}.Release|x64.ActiveCfg = Release|x64
		{79DE93F0-149D-496D-A6F4-CEA06BD8EF67}.Release|x64.Build.0 = Release|x64
		{79DE93F0-149D-496D-A6F4-CEA06BD8EF67}.Release|x86.ActiveCfg = Release|Win32
		{79DE93F0-149D-496D-A6F4-CEA06BD8EF67}.Release|x86.Build.0 = Release|Win32
	EndGlobalSection
	GlobalSection(SolutionProperties) = preSolution
		HideSolutionNode = FALSE
	EndGlobalSection
	GlobalSection(ExtensibilityGlobals) = postSolution
		SolutionGuid = {62A843D1-43F3-4ED5-9F15-D188C0E0A525}
	EndGlobalSection
EndGlobal
